
Microsoft Visual Studio Solution File, Format Version 12.00
# Visual Studio Version 17
VisualStudioVersion = 17.2.32630.192
MinimumVisualStudioVersion = 10.0.40219.1
Project("{9A19103F-16F7-4668-BE54-9A1E7A4F7556}") = "F10Y.T0000.Construction", "F10Y.T0000.Construction\F10Y.T0000.Construction.csproj", "{B77C22F0-2D8C-47E3-AE23-ABA736FE4004}"
EndProject
Project("{9A19103F-16F7-4668-BE54-9A1E7A4F7556}") = "F10Y.T0000", "F10Y.T0000\F10Y.T0000.csproj", "{96433ACC-DF3D-43E1-BCD2-CCFE95CC5FA6}"
EndProject
Global
	GlobalSection(SolutionConfigurationPlatforms) = preSolution
		Debug|Any CPU = Debug|Any CPU
		Release|Any CPU = Release|Any CPU
	EndGlobalSection
	GlobalSection(ProjectConfigurationPlatforms) = postSolution
		{B77C22F0-2D8C-47E3-AE23-ABA736FE4004}.Debug|Any CPU.ActiveCfg = Debug|Any CPU
		{B77C22F0-2D8C-47E3-AE23-ABA736FE4004}.Debug|Any CPU.Build.0 = Debug|Any CPU
		{B77C22F0-2D8C-47E3-AE23-ABA736FE4004}.Release|Any CPU.ActiveCfg = Release|Any CPU
		{B77C22F0-2D8C-47E3-AE23-ABA736FE4004}.Release|Any CPU.Build.0 = Release|Any CPU
		{96433ACC-DF3D-43E1-BCD2-CCFE95CC5FA6}.Debug|Any CPU.ActiveCfg = Debug|Any CPU
		{96433ACC-DF3D-43E1-BCD2-CCFE95CC5FA6}.Debug|Any CPU.Build.0 = Debug|Any CPU
		{96433ACC-DF3D-43E1-BCD2-CCFE95CC5FA6}.Release|Any CPU.ActiveCfg = Release|Any CPU
		{96433ACC-DF3D-43E1-BCD2-CCFE95CC5FA6}.Release|Any CPU.Build.0 = Release|Any CPU
	EndGlobalSection
	GlobalSection(SolutionProperties) = preSolution
		HideSolutionNode = FALSE
	EndGlobalSection
	GlobalSection(ExtensibilityGlobals) = postSolution
		SolutionGuid = {54E2308D-61F7-4B34-BA8E-918E77CB5783}
	EndGlobalSection
EndGlobal
